#
#   Notwork text-based content descriptor file
# 
#   title:  title of content
#   type:   story|poetry|ebook|news
#   file:   location of file relative to this folder
#

title: The Adventures Of Sherlock Holmes
type: literature
file: sherlock.html
description: by Sir Arthur Conan Doyle
featured: "2011/11/15"
order: 1000

